
Microsoft Visual Studio Solution File, Format Version 12.00
# Visual Studio Version 16
VisualStudioVersion = 16.0.31005.135
MinimumVisualStudioVersion = 10.0.40219.1
Project("{FAE04EC0-301F-11D3-BF4B-00C04F79EFBC}") = "EncryptionKeyGenerator", "EncryptionKeyGenerator\EncryptionKeyGenerator.csproj", "{5BB61D45-577C-4D66-ABA4-CFD9B2BC671A}"
EndProject
Project("{FAE04EC0-301F-11D3-BF4B-00C04F79EFBC}") = "LibEncryptionKeyGenerator", "LibEncryptionKeyGenerator\LibEncryptionKeyGenerator.csproj", "{4DB3C610-D8EF-471C-A854-3C6B9E541E99}"
EndProject
Global
	GlobalSection(SolutionConfigurationPlatforms) = preSolution
		Debug|Any CPU = Debug|Any CPU
		Release|Any CPU = Release|Any CPU
	EndGlobalSection
	GlobalSection(ProjectConfigurationPlatforms) = postSolution
		{5BB61D45-577C-4D66-ABA4-CFD9B2BC671A}.Debug|Any CPU.ActiveCfg = Debug|Any CPU
		{5BB61D45-577C-4D66-ABA4-CFD9B2BC671A}.Debug|Any CPU.Build.0 = Debug|Any CPU
		{5BB61D45-577C-4D66-ABA4-CFD9B2BC671A}.Release|Any CPU.ActiveCfg = Release|Any CPU
		{5BB61D45-577C-4D66-ABA4-CFD9B2BC671A}.Release|Any CPU.Build.0 = Release|Any CPU
		{4DB3C610-D8EF-471C-A854-3C6B9E541E99}.Debug|Any CPU.ActiveCfg = Debug|Any CPU
		{4DB3C610-D8EF-471C-A854-3C6B9E541E99}.Debug|Any CPU.Build.0 = Debug|Any CPU
		{4DB3C610-D8EF-471C-A854-3C6B9E541E99}.Release|Any CPU.ActiveCfg = Release|Any CPU
		{4DB3C610-D8EF-471C-A854-3C6B9E541E99}.Release|Any CPU.Build.0 = Release|Any CPU
	EndGlobalSection
	GlobalSection(SolutionProperties) = preSolution
		HideSolutionNode = FALSE
	EndGlobalSection
	GlobalSection(ExtensibilityGlobals) = postSolution
		SolutionGuid = {73F1D4D9-38D9-45E4-905F-AC92D3172F41}
	EndGlobalSection
EndGlobal
